
Microsoft Visual Studio Solution File, Format Version 12.00
# Visual Studio 14
VisualStudioVersion = 14.0.23107.0
MinimumVisualStudioVersion = 10.0.40219.1
Project("{FAE04EC0-301F-11D3-BF4B-00C04F79EFBC}") = "MySqlDAO", "MySqlDAO\MySqlDAO.csproj", "{890668E8-442D-4B47-9799-610D8B312109}"
EndProject
Project("{FAE04EC0-301F-11D3-BF4B-00C04F79EFBC}") = "KBaseDAO", "KBaseDAO\KBaseDAO.csproj", "{5BDD0125-6CD3-48E3-911D-7521BD995D1F}"
EndProject
Project("{FAE04EC0-301F-11D3-BF4B-00C04F79EFBC}") = "BaseTool", "BaseTool\BaseTool.csproj", "{D155CE54-187C-4987-98F0-66A359D76493}"
EndProject
Project("{2150E333-8FDC-42A3-9474-1A3956D46DE8}") = "Test", "Test", "{903A8550-A3B3-4C22-B39E-7C396130DD57}"
EndProject
Project("{FAE04EC0-301F-11D3-BF4B-00C04F79EFBC}") = "Test01", "Test01\Test01.csproj", "{77F47D93-16BC-4EF9-8F39-A62E671401A8}"
EndProject
Global
	GlobalSection(SolutionConfigurationPlatforms) = preSolution
		Debug|Any CPU = Debug|Any CPU
		Release|Any CPU = Release|Any CPU
	EndGlobalSection
	GlobalSection(ProjectConfigurationPlatforms) = postSolution
		{890668E8-442D-4B47-9799-610D8B312109}.Debug|Any CPU.ActiveCfg = Debug|Any CPU
		{890668E8-442D-4B47-9799-610D8B312109}.Debug|Any CPU.Build.0 = Debug|Any CPU
		{890668E8-442D-4B47-9799-610D8B312109}.Release|Any CPU.ActiveCfg = Release|Any CPU
		{890668E8-442D-4B47-9799-610D8B312109}.Release|Any CPU.Build.0 = Release|Any CPU
		{5BDD0125-6CD3-48E3-911D-7521BD995D1F}.Debug|Any CPU.ActiveCfg = Debug|Any CPU
		{5BDD0125-6CD3-48E3-911D-7521BD995D1F}.Debug|Any CPU.Build.0 = Debug|Any CPU
		{5BDD0125-6CD3-48E3-911D-7521BD995D1F}.Release|Any CPU.ActiveCfg = Release|Any CPU
		{5BDD0125-6CD3-48E3-911D-7521BD995D1F}.Release|Any CPU.Build.0 = Release|Any CPU
		{D155CE54-187C-4987-98F0-66A359D76493}.Debug|Any CPU.ActiveCfg = Debug|Any CPU
		{D155CE54-187C-4987-98F0-66A359D76493}.Debug|Any CPU.Build.0 = Debug|Any CPU
		{D155CE54-187C-4987-98F0-66A359D76493}.Release|Any CPU.ActiveCfg = Release|Any CPU
		{D155CE54-187C-4987-98F0-66A359D76493}.Release|Any CPU.Build.0 = Release|Any CPU
		{77F47D93-16BC-4EF9-8F39-A62E671401A8}.Debug|Any CPU.ActiveCfg = Debug|Any CPU
		{77F47D93-16BC-4EF9-8F39-A62E671401A8}.Debug|Any CPU.Build.0 = Debug|Any CPU
		{77F47D93-16BC-4EF9-8F39-A62E671401A8}.Release|Any CPU.ActiveCfg = Release|Any CPU
		{77F47D93-16BC-4EF9-8F39-A62E671401A8}.Release|Any CPU.Build.0 = Release|Any CPU
	EndGlobalSection
	GlobalSection(SolutionProperties) = preSolution
		HideSolutionNode = FALSE
	EndGlobalSection
	GlobalSection(NestedProjects) = preSolution
		{77F47D93-16BC-4EF9-8F39-A62E671401A8} = {903A8550-A3B3-4C22-B39E-7C396130DD57}
	EndGlobalSection
EndGlobal
